
Microsoft Visual Studio Solution File, Format Version 12.00
# Visual Studio Version 16
VisualStudioVersion = 16.0.31410.357
MinimumVisualStudioVersion = 10.0.40219.1
Project("{FAE04EC0-301F-11D3-BF4B-00C04F79EFBC}") = "WeatherForecast", "WeatherForecast\WeatherForecast.csproj", "{B79E6B5A-4C82-49FF-8D7A-559D0AB2B6B1}"
EndProject
Global
	GlobalSection(SolutionConfigurationPlatforms) = preSolution
		Debug|Any CPU = Debug|Any CPU
		Release|Any CPU = Release|Any CPU
	EndGlobalSection
	GlobalSection(ProjectConfigurationPlatforms) = postSolution
		{B79E6B5A-4C82-49FF-8D7A-559D0AB2B6B1}.Debug|Any CPU.ActiveCfg = Debug|Any CPU
		{B79E6B5A-4C82-49FF-8D7A-559D0AB2B6B1}.Debug|Any CPU.Build.0 = Debug|Any CPU
		{B79E6B5A-4C82-49FF-8D7A-559D0AB2B6B1}.Release|Any CPU.ActiveCfg = Release|Any CPU
		{B79E6B5A-4C82-49FF-8D7A-559D0AB2B6B1}.Release|Any CPU.Build.0 = Release|Any CPU
	EndGlobalSection
	GlobalSection(SolutionProperties) = preSolution
		HideSolutionNode = FALSE
	EndGlobalSection
	GlobalSection(ExtensibilityGlobals) = postSolution
		SolutionGuid = {49153BA5-51D7-45A3-B86F-E3E1A554C7CD}
	EndGlobalSection
EndGlobal
